// !$*UTF8*$!
{
	archiveVersion = 1;
	classes = {
	};
	objectVersion = 50;
	objects = {

/* Begin PBXBuildFile section */
		DA017BD026E9E3D6007D5AF9 /* AppDelegate.swift in Sources */ = {isa = PBXBuildFile; fileRef = DA017BCF26E9E3D6007D5AF9 /* AppDelegate.swift */; };
		DA017BD226E9E3D6007D5AF9 /* SceneDelegate.swift in Sources */ = {isa = PBXBuildFile; fileRef = DA017BD126E9E3D6007D5AF9 /* SceneDelegate.swift */; };
		DA017BD426E9E3D6007D5AF9 /* ViewController.swift in Sources */ = {isa = PBXBuildFile; fileRef = DA017BD326E9E3D6007D5AF9 /* ViewController.swift */; };
		DA017BD726E9E3D6007D5AF9 /* Main.storyboard in Resources */ = {isa = PBXBuildFile; fileRef = DA017BD526E9E3D6007D5AF9 /* Main.storyboard */; };
		DA017BD926E9E3D7007D5AF9 /* Assets.xcassets in Resources */ = {isa = PBXBuildFile; fileRef = DA017BD826E9E3D7007D5AF9 /* Assets.xcassets */; };
		DA017BDC26E9E3D7007D5AF9 /* LaunchScreen.storyboard in Resources */ = {isa = PBXBuildFile; fileRef = DA017BDA26E9E3D7007D5AF9 /* LaunchScreen.storyboard */; };
/* End PBXBuildFile section */

/* Begin PBXFileReference section */
		DA017BCC26E9E3D6007D5AF9 /* RollingTheDiceApp.app */ = {isa = PBXFileReference; explicitFileType = wrapper.application; includeInIndex = 0; path = RollingTheDiceApp.app; sourceTree = BUILT_PRODUCTS_DIR; };
		DA017BCF26E9E3D6007D5AF9 /* AppDelegate.swift */ = {isa = PBXFileReference; lastKnownFileType = sourcecode.swift; path = AppDelegate.swift; sourceTree = "<group>"; };
		DA017BD126E9E3D6007D5AF9 /* SceneDelegate.swift */ = {isa = PBXFileReference; lastKnownFileType = sourcecode.swift; path = SceneDelegate.swift; sourceTree = "<group>"; };
		DA017BD326E9E3D6007D5AF9 /* ViewController.swift */ = {isa = PBXFileReference; lastKnownFileType = sourcecode.swift; path = ViewController.swift; sourceTree = "<group>"; };
		DA017BD626E9E3D6007D5AF9 /* Base */ = {isa = PBXFileReference; lastKnownFileType = file.storyboard; name = Base; path = Base.lproj/Main.storyboard; sourceTree = "<group>"; };
		DA017BD826E9E3D7007D5AF9 /* Assets.xcassets */ = {isa = PBXFileReference; lastKnownFileType = folder.assetcatalog; path = Assets.xcassets; sourceTree = "<group>"; };
		DA017BDB26E9E3D7007D5AF9 /* Base */ = {isa = PBXFileReference; lastKnownFileType = file.storyboard; name = Base; path = Base.lproj/LaunchScreen.storyboard; sourceTree = "<group>"; };
		DA017BDD26E9E3D7007D5AF9 /* Info.plist */ = {isa = PBXFileReference; lastKnownFileType = text.plist.xml; path = Info.plist; sourceTree = "<group>"; };
/* End PBXFileReference section */

/* Begin PBXFrameworksBuildPhase section */
		DA017BC926E9E3D6007D5AF9 /* Frameworks */ = {
			isa = PBXFrameworksBuildPhase;
			buildActionMask = 2147483647;
			files = (
			);
			runOnlyForDeploymentPostprocessing = 0;
		};
/* End PBXFrameworksBuildPhase section */

/* Begin PBXGroup section */
		DA017BC326E9E3D6007D5AF9 = {
			isa = PBXGroup;
			children = (
				DA017BCE26E9E3D6007D5AF9 /* RollingTheDiceApp */,
				DA017BCD26E9E3D6007D5AF9 /* Products */,
			);
			sourceTree = "<group>";
		};
		DA017BCD26E9E3D6007D5AF9 /* Products */ = {
			isa = PBXGroup;
			children = (
				DA017BCC26E9E3D6007D5AF9 /* RollingTheDiceApp.app */,
			);
			name = Products;
			sourceTree = "<group>";
		};
		DA017BCE26E9E3D6007D5AF9 /* RollingTheDiceApp */ = {
			isa = PBXGroup;
			children = (
				DA017BCF26E9E3D6007D5AF9 /* AppDelegate.swift */,
				DA017BD126E9E3D6007D5AF9 /* SceneDelegate.swift */,
				DA017BD326E9E3D6007D5AF9 /* ViewController.swift */,
				DA017BD526E9E3D6007D5AF9 /* Main.storyboard */,
				DA017BD826E9E3D7007D5AF9 /* Assets.xcassets */,
				DA017BDA26E9E3D7007D5AF9 /* LaunchScreen.storyboard */,
				DA017BDD26E9E3D7007D5AF9 /* Info.plist */,
			);
			path = RollingTheDiceApp;
			sourceTree = "<group>";
		};
/* End PBXGroup section */

/* Begin PBXNativeTarget section */
		DA017BCB26E9E3D6007D5AF9 /* RollingTheDiceApp */ = {
			isa = PBXNativeTarget;
			buildConfigurationList = DA017BE026E9E3D7007D5AF9 /* Build configuration list for PBXNativeTarget "RollingTheDiceApp" */;
			buildPhases = (
				DA017BC826E9E3D6007D5AF9 /* Sources */,
				DA017BC926E9E3D6007D5AF9 /* Frameworks */,
				DA017BCA26E9E3D6007D5AF9 /* Resources */,
			);
			buildRules = (
			);
			dependencies = (
			);
			name = RollingTheDiceApp;
			productName = RollingTheDiceApp;
			productReference = DA017BCC26E9E3D6007D5AF9 /* RollingTheDiceApp.app */;
			productType = "com.apple.product-type.application";
		};
/* End PBXNativeTarget section */

/* Begin PBXProject section */
		DA017BC426E9E3D6007D5AF9 /* Project object */ = {
			isa = PBXProject;
			attributes = {
				LastSwiftUpdateCheck = 1250;
				LastUpgradeCheck = 1250;
				TargetAttributes = {
					DA017BCB26E9E3D6007D5AF9 = {
						CreatedOnToolsVersion = 12.5.1;
					};
				};
			};
			buildConfigurationList = DA017BC726E9E3D6007D5AF9 /* Build configuration list for PBXProject "RollingTheDiceApp" */;
			compatibilityVersion = "Xcode 9.3";
			developmentRegion = en;
			hasScannedForEncodings = 0;
			knownRegions = (
				en,
				Base,
			);
			mainGroup = DA017BC326E9E3D6007D5AF9;
			productRefGroup = DA017BCD26E9E3D6007D5AF9 /* Products */;
			projectDirPath = "";
			projectRoot = "";
			targets = (
				DA017BCB26E9E3D6007D5AF9 /* RollingTheDiceApp */,
			);
		};
/* End PBXProject section */

/* Begin PBXResourcesBuildPhase section */
		DA017BCA26E9E3D6007D5AF9 /* Resources */ = {
			isa = PBXResourcesBuildPhase;
			buildActionMask = 2147483647;
			files = (
				DA017BDC26E9E3D7007D5AF9 /* LaunchScreen.storyboard in Resources */,
				DA017BD926E9E3D7007D5AF9 /* Assets.xcassets in Resources */,
				DA017BD726E9E3D6007D5AF9 /* Main.storyboard in Resources */,
			);
			runOnlyForDeploymentPostprocessing = 0;
		};
/* End PBXResourcesBuildPhase section */

/* Begin PBXSourcesBuildPhase section */
		DA017BC826E9E3D6007D5AF9 /* Sources */ = {
			isa = PBXSourcesBuildPhase;
			buildActionMask = 2147483647;
			files = (
				DA017BD426E9E3D6007D5AF9 /* ViewController.swift in Sources */,
				DA017BD026E9E3D6007D5AF9 /* AppDelegate.swift in Sources */,
				DA017BD226E9E3D6007D5AF9 /* SceneDelegate.swift in Sources */,
			);
			runOnlyForDeploymentPostprocessing = 0;
		};
/* End PBXSourcesBuildPhase section */

/* Begin PBXVariantGroup section */
		DA017BD526E9E3D6007D5AF9 /* Main.storyboard */ = {
			isa = PBXVariantGroup;
			children = (
				DA017BD626E9E3D6007D5AF9 /* Base */,
			);
			name = Main.storyboard;
			sourceTree = "<group>";
		};
		DA017BDA26E9E3D7007D5AF9 /* LaunchScreen.storyboard */ = {
			isa = PBXVariantGroup;
			children = (
				DA017BDB26E9E3D7007D5AF9 /* Base */,
			);
			name = LaunchScreen.storyboard;
			sourceTree = "<group>";
		};
/* End PBXVariantGroup section */

/* Begin XCBuildConfiguration section */
		DA017BDE26E9E3D7007D5AF9 /* Debug */ = {
			isa = XCBuildConfiguration;
			buildSettings = {
				ALWAYS_SEARCH_USER_PATHS = NO;
				CLANG_ANALYZER_NONNULL = YES;
				CLANG_ANALYZER_NUMBER_OBJECT_CONVERSION = YES_AGGRESSIVE;
				CLANG_CXX_LANGUAGE_STANDARD = "gnu++14";
				CLANG_CXX_LIBRARY = "libc++";
				CLANG_ENABLE_MODULES = YES;
				CLANG_ENABLE_OBJC_ARC = YES;
				CLANG_ENABLE_OBJC_WEAK = YES;
				CLANG_WARN_BLOCK_CAPTURE_AUTORELEASING = YES;
				CLANG_WARN_BOOL_CONVERSION = YES;
				CLANG_WARN_COMMA = YES;
				CLANG_WARN_CONSTANT_CONVERSION = YES;
				CLANG_WARN_DEPRECATED_OBJC_IMPLEMENTATIONS = YES;
				CLANG_WARN_DIRECT_OBJC_ISA_USAGE = YES_ERROR;
				CLANG_WARN_DOCUMENTATION_COMMENTS = YES;
				CLANG_WARN_EMPTY_BODY = YES;
				CLANG_WARN_ENUM_CONVERSION = YES;
				CLANG_WARN_INFINITE_RECURSION = YES;
				CLANG_WARN_INT_CONVERSION = YES;
				CLANG_WARN_NON_LITERAL_NULL_CONVERSION = YES;
				CLANG_WARN_OBJC_IMPLICIT_RETAIN_SELF = YES;
				CLANG_WARN_OBJC_LITERAL_CONVERSION = YES;
				CLANG_WARN_OBJC_ROOT_CLASS = YES_ERROR;
				CLANG_WARN_QUOTED_INCLUDE_IN_FRAMEWORK_HEADER = YES;
				CLANG_WARN_RANGE_LOOP_ANALYSIS = YES;
				CLANG_WARN_STRICT_PROTOTYPES = YES;
				CLANG_WARN_SUSPICIOUS_MOVE = YES;
				CLANG_WARN_UNGUARDED_AVAILABILITY = YES_AGGRESSIVE;
				CLANG_WARN_UNREACHABLE_CODE = YES;
				CLANG_WARN__DUPLICATE_METHOD_MATCH = YES;
				COPY_PHASE_STRIP = NO;
				DEBUG_INFORMATION_FORMAT = dwarf;
				ENABLE_STRICT_OBJC_MSGSEND = YES;
				ENABLE_TESTABILITY = YES;
				GCC_C_LANGUAGE_STANDARD = gnu11;
				GCC_DYNAMIC_NO_PIC = NO;
				GCC_NO_COMMON_BLOCKS = YES;
				GCC_OPTIMIZATION_LEVEL = 0;
				GCC_PREPROCESSOR_DEFINITIONS = (
					"DEBUG=1",
					"$(inherited)",
				);
				GCC_WARN_64_TO_32_BIT_CONVERSION = YES;
				GCC_WARN_ABOUT_RETURN_TYPE = YES_ERROR;
				GCC_WARN_UNDECLARED_SELECTOR = YES;
				GCC_WARN_UNINITIALIZED_AUTOS = YES_AGGRESSIVE;
				GCC_WARN_UNUSED_FUNCTION = YES;
				GCC_WARN_UNUSED_VARIABLE = YES;
				IPHONEOS_DEPLOYMENT_TARGET = 14.5;
				MTL_ENABLE_DEBUG_INFO = INCLUDE_SOURCE;
				MTL_FAST_MATH = YES;
				ONLY_ACTIVE_ARCH = YES;
				SDKROOT = iphoneos;
				SWIFT_ACTIVE_COMPILATION_CONDITIONS = DEBUG;
				SWIFT_OPTIMIZATION_LEVEL = "-Onone";
			};
			name = Debug;
		};
		DA017BDF26E9E3D7007D5AF9 /* Release */ = {
			isa = XCBuildConfiguration;
			buildSettings = {
				ALWAYS_SEARCH_USER_PATHS = NO;
				CLANG_ANALYZER_NONNULL = YES;
				CLANG_ANALYZER_NUMBER_OBJECT_CONVERSION = YES_AGGRESSIVE;
				CLANG_CXX_LANGUAGE_STANDARD = "gnu++14";
				CLANG_CXX_LIBRARY = "libc++";
				CLANG_ENABLE_MODULES = YES;
				CLANG_ENABLE_OBJC_ARC = YES;
				CLANG_ENABLE_OBJC_WEAK = YES;
				CLANG_WARN_BLOCK_CAPTURE_AUTORELEASING = YES;
				CLANG_WARN_BOOL_CONVERSION = YES;
				CLANG_WARN_COMMA = YES;
				CLANG_WARN_CONSTANT_CONVERSION = YES;
				CLANG_WARN_DEPRECATED_OBJC_IMPLEMENTATIONS = YES;
				CLANG_WARN_DIRECT_OBJC_ISA_USAGE = YES_ERROR;
				CLANG_WARN_DOCUMENTATION_COMMENTS = YES;
				CLANG_WARN_EMPTY_BODY = YES;
				CLANG_WARN_ENUM_CONVERSION = YES;
				CLANG_WARN_INFINITE_RECURSION = YES;
				CLANG_WARN_INT_CONVERSION = YES;
				CLANG_WARN_NON_LITERAL_NULL_CONVERSION = YES;
				CLANG_WARN_OBJC_IMPLICIT_RETAIN_SELF = YES;
				CLANG_WARN_OBJC_LITERAL_CONVERSION = YES;
				CLANG_WARN_OBJC_ROOT_CLASS = YES_ERROR;
				CLANG_WARN_QUOTED_INCLUDE_IN_FRAMEWORK_HEADER = YES;
				CLANG_WARN_RANGE_LOOP_ANALYSIS = YES;
				CLANG_WARN_STRICT_PROTOTYPES = YES;
				CLANG_WARN_SUSPICIOUS_MOVE = YES;
				CLANG_WARN_UNGUARDED_AVAILABILITY = YES_AGGRESSIVE;
				CLANG_WARN_UNREACHABLE_CODE = YES;
				CLANG_WARN__DUPLICATE_METHOD_MATCH = YES;
				COPY_PHASE_STRIP = NO;
				DEBUG_INFORMATION_FORMAT = "dwarf-with-dsym";
				ENABLE_NS_ASSERTIONS = NO;
				ENABLE_STRICT_OBJC_MSGSEND = YES;
				GCC_C_LANGUAGE_STANDARD = gnu11;
				GCC_NO_COMMON_BLOCKS = YES;
				GCC_WARN_64_TO_32_BIT_CONVERSION = YES;
				GCC_WARN_ABOUT_RETURN_TYPE = YES_ERROR;
				GCC_WARN_UNDECLARED_SELECTOR = YES;
				GCC_WARN_UNINITIALIZED_AUTOS = YES_AGGRESSIVE;
				GCC_WARN_UNUSED_FUNCTION = YES;
				GCC_WARN_UNUSED_VARIABLE = YES;
				IPHONEOS_DEPLOYMENT_TARGET = 14.5;
				MTL_ENABLE_DEBUG_INFO = NO;
				MTL_FAST_MATH = YES;
				SDKROOT = iphoneos;
				SWIFT_COMPILATION_MODE = wholemodule;
				SWIFT_OPTIMIZATION_LEVEL = "-O";
				VALIDATE_PRODUCT = YES;
			};
			name = Release;
		};
		DA017BE126E9E3D7007D5AF9 /* Debug */ = {
			isa = XCBuildConfiguration;
			buildSettings = {
				ASSETCATALOG_COMPILER_APPICON_NAME = AppIcon;
				ASSETCATALOG_COMPILER_GLOBAL_ACCENT_COLOR_NAME = AccentColor;
				CODE_SIGN_STYLE = Automatic;
				DEVELOPMENT_TEAM = 36PGKAW8D8;
				INFOPLIST_FILE = RollingTheDiceApp/Info.plist;
				LD_RUNPATH_SEARCH_PATHS = (
					"$(inherited)",
					"@executable_path/Frameworks",
				);
				PRODUCT_BUNDLE_IDENTIFIER = com.ogulcandemirtas.RollingTheDiceApp;
				PRODUCT_NAME = "$(TARGET_NAME)";
				SWIFT_VERSION = 5.0;
				TARGETED_DEVICE_FAMILY = "1,2";
			};
			name = Debug;
		};
		DA017BE226E9E3D7007D5AF9 /* Release */ = {
			isa = XCBuildConfiguration;
			buildSettings = {
				ASSETCATALOG_COMPILER_APPICON_NAME = AppIcon;
				ASSETCATALOG_COMPILER_GLOBAL_ACCENT_COLOR_NAME = AccentColor;
				CODE_SIGN_STYLE = Automatic;
				DEVELOPMENT_TEAM = 36PGKAW8D8;
				INFOPLIST_FILE = RollingTheDiceApp/Info.plist;
				LD_RUNPATH_SEARCH_PATHS = (
					"$(inherited)",
					"@executable_path/Frameworks",
				);
				PRODUCT_BUNDLE_IDENTIFIER = com.ogulcandemirtas.RollingTheDiceApp;
				PRODUCT_NAME = "$(TARGET_NAME)";
				SWIFT_VERSION = 5.0;
				TARGETED_DEVICE_FAMILY = "1,2";
			};
			name = Release;
		};
/* End XCBuildConfiguration section */

/* Begin XCConfigurationList section */
		DA017BC726E9E3D6007D5AF9 /* Build configuration list for PBXProject "RollingTheDiceApp" */ = {
			isa = XCConfigurationList;
			buildConfigurations = (
				DA017BDE26E9E3D7007D5AF9 /* Debug */,
				DA017BDF26E9E3D7007D5AF9 /* Release */,
			);
			defaultConfigurationIsVisible = 0;
			defaultConfigurationName = Release;
		};
		DA017BE026E9E3D7007D5AF9 /* Build configuration list for PBXNativeTarget "RollingTheDiceApp" */ = {
			isa = XCConfigurationList;
			buildConfigurations = (
				DA017BE126E9E3D7007D5AF9 /* Debug */,
				DA017BE226E9E3D7007D5AF9 /* Release */,
			);
			defaultConfigurationIsVisible = 0;
			defaultConfigurationName = Release;
		};
/* End XCConfigurationList section */
	};
	rootObject = DA017BC426E9E3D6007D5AF9 /* Project object */;
}
